
Microsoft Visual Studio Solution File, Format Version 12.00
# Visual Studio Version 16
VisualStudioVersion = 16.0.30711.63
MinimumVisualStudioVersion = 10.0.40219.1
Project("{FAE04EC0-301F-11D3-BF4B-00C04F79EFBC}") = "DataAccess", "DataAccess\DataAccess.csproj", "{93155725-B77F-4E82-93E2-AB0AC5DAAF36}"
EndProject
Project("{FAE04EC0-301F-11D3-BF4B-00C04F79EFBC}") = "Business", "Business\Business.csproj", "{8F78A064-C2F0-4696-B239-8865CC178EDF}"
EndProject
Project("{FAE04EC0-301F-11D3-BF4B-00C04F79EFBC}") = "Entities", "Entities\Entities.csproj", "{B8AD65BB-A76D-4230-8166-319B409564DC}"
EndProject
Project("{FAE04EC0-301F-11D3-BF4B-00C04F79EFBC}") = "ConsoleUI", "ConsoleUI\ConsoleUI.csproj", "{B43A2249-C35D-43FF-B276-9D8D36C0577E}"
EndProject
Global
	GlobalSection(SolutionConfigurationPlatforms) = preSolution
		Debug|Any CPU = Debug|Any CPU
		Release|Any CPU = Release|Any CPU
	EndGlobalSection
	GlobalSection(ProjectConfigurationPlatforms) = postSolution
		{93155725-B77F-4E82-93E2-AB0AC5DAAF36}.Debug|Any CPU.ActiveCfg = Debug|Any CPU
		{93155725-B77F-4E82-93E2-AB0AC5DAAF36}.Debug|Any CPU.Build.0 = Debug|Any CPU
		{93155725-B77F-4E82-93E2-AB0AC5DAAF36}.Release|Any CPU.ActiveCfg = Release|Any CPU
		{93155725-B77F-4E82-93E2-AB0AC5DAAF36}.Release|Any CPU.Build.0 = Release|Any CPU
		{8F78A064-C2F0-4696-B239-8865CC178EDF}.Debug|Any CPU.ActiveCfg = Debug|Any CPU
		{8F78A064-C2F0-4696-B239-8865CC178EDF}.Debug|Any CPU.Build.0 = Debug|Any CPU
		{8F78A064-C2F0-4696-B239-8865CC178EDF}.Release|Any CPU.ActiveCfg = Release|Any CPU
		{8F78A064-C2F0-4696-B239-8865CC178EDF}.Release|Any CPU.Build.0 = Release|Any CPU
		{B8AD65BB-A76D-4230-8166-319B409564DC}.Debug|Any CPU.ActiveCfg = Debug|Any CPU
		{B8AD65BB-A76D-4230-8166-319B409564DC}.Debug|Any CPU.Build.0 = Debug|Any CPU
		{B8AD65BB-A76D-4230-8166-319B409564DC}.Release|Any CPU.ActiveCfg = Release|Any CPU
		{B8AD65BB-A76D-4230-8166-319B409564DC}.Release|Any CPU.Build.0 = Release|Any CPU
		{B43A2249-C35D-43FF-B276-9D8D36C0577E}.Debug|Any CPU.ActiveCfg = Debug|Any CPU
		{B43A2249-C35D-43FF-B276-9D8D36C0577E}.Debug|Any CPU.Build.0 = Debug|Any CPU
		{B43A2249-C35D-43FF-B276-9D8D36C0577E}.Release|Any CPU.ActiveCfg = Release|Any CPU
		{B43A2249-C35D-43FF-B276-9D8D36C0577E}.Release|Any CPU.Build.0 = Release|Any CPU
	EndGlobalSection
	GlobalSection(SolutionProperties) = preSolution
		HideSolutionNode = FALSE
	EndGlobalSection
	GlobalSection(ExtensibilityGlobals) = postSolution
		SolutionGuid = {3297DBE4-CED2-4743-A94F-C7CCA5972286}
	EndGlobalSection
EndGlobal
